// !$*UTF8*$!
{
	archiveVersion = 1;
	classes = {
	};
	objectVersion = 46;
	objects = {

/* Begin PBXBuildFile section */
		DC1B64F81862D9FB009513F6 /* DataUtils.m in Sources */ = {isa = PBXBuildFile; fileRef = DC1B64F71862D9FB009513F6 /* DataUtils.m */; };
		DC1B64FB1862E5D1009513F6 /* HttpService.m in Sources */ = {isa = PBXBuildFile; fileRef = DC1B64FA1862E5D1009513F6 /* HttpService.m */; };
		DC1B64FE1862FEAD009513F6 /* ActivateCaregiverVC.m in Sources */ = {isa = PBXBuildFile; fileRef = DC1B64FD1862FEAD009513F6 /* ActivateCaregiverVC.m */; };
		DC1B65021863785B009513F6 /* logo-30.png in Resources */ = {isa = PBXBuildFile; fileRef = DC1B65001863785B009513F6 /* logo-30.png */; };
		DC24A18E1871C4F2000A707B /* HelpAssistVC.m in Sources */ = {isa = PBXBuildFile; fileRef = DC24A18D1871C4F2000A707B /* HelpAssistVC.m */; };
		DC2906B5186889B5005B090E /* TaskListTVC.m in Sources */ = {isa = PBXBuildFile; fileRef = DC2906B4186889B5005B090E /* TaskListTVC.m */; };
		DC2906BE18689FCB005B090E /* EditTaskVC.m in Sources */ = {isa = PBXBuildFile; fileRef = DC2906BD18689FCB005B090E /* EditTaskVC.m */; };
		DC33F4131871B8B200F1E359 /* logo-190.png in Resources */ = {isa = PBXBuildFile; fileRef = DC33F4121871B8B200F1E359 /* logo-190.png */; };
		DC33F4151871BBB700F1E359 /* home-50.png in Resources */ = {isa = PBXBuildFile; fileRef = DC33F4141871BBB700F1E359 /* home-50.png */; };
		DC454C411866EEDB0084D7B3 /* play-30.png in Resources */ = {isa = PBXBuildFile; fileRef = DC454C401866EEDB0084D7B3 /* play-30.png */; };
		DC454C431866EEE70084D7B3 /* stop-30.png in Resources */ = {isa = PBXBuildFile; fileRef = DC454C421866EEE70084D7B3 /* stop-30.png */; };
		DC454C4C1866F5D60084D7B3 /* EventLogCell.m in Sources */ = {isa = PBXBuildFile; fileRef = DC454C4B1866F5D60084D7B3 /* EventLogCell.m */; };
		DC454C4E1866F7E50084D7B3 /* play-30-disabled.png in Resources */ = {isa = PBXBuildFile; fileRef = DC454C4D1866F7E50084D7B3 /* play-30-disabled.png */; };
		DC482D8B1869643F00131796 /* AbstractActionSheetPicker.m in Sources */ = {isa = PBXBuildFile; fileRef = DC482D7F1869643F00131796 /* AbstractActionSheetPicker.m */; };
		DC482D8C1869643F00131796 /* ActionSheetCustomPicker.m in Sources */ = {isa = PBXBuildFile; fileRef = DC482D811869643F00131796 /* ActionSheetCustomPicker.m */; };
		DC482D8D1869643F00131796 /* ActionSheetDatePicker.m in Sources */ = {isa = PBXBuildFile; fileRef = DC482D841869643F00131796 /* ActionSheetDatePicker.m */; };
		DC482D8E1869643F00131796 /* ActionSheetDistancePicker.m in Sources */ = {isa = PBXBuildFile; fileRef = DC482D861869643F00131796 /* ActionSheetDistancePicker.m */; };
		DC482D8F1869643F00131796 /* ActionSheetStringPicker.m in Sources */ = {isa = PBXBuildFile; fileRef = DC482D881869643F00131796 /* ActionSheetStringPicker.m */; };
		DC482D901869643F00131796 /* DistancePickerView.m in Sources */ = {isa = PBXBuildFile; fileRef = DC482D8A1869643F00131796 /* DistancePickerView.m */; };
		DC52D100186B076500CA9C9D /* UIAlertView+WithBlock.m in Sources */ = {isa = PBXBuildFile; fileRef = DC52D0FF186B076500CA9C9D /* UIAlertView+WithBlock.m */; };
		DC52D103186B61DB00CA9C9D /* LocationSingleton.m in Sources */ = {isa = PBXBuildFile; fileRef = DC52D102186B61DB00CA9C9D /* LocationSingleton.m */; };
		DC52D10C186C3E5900CA9C9D /* PanicHandleVC.m in Sources */ = {isa = PBXBuildFile; fileRef = DC52D10B186C3E5900CA9C9D /* PanicHandleVC.m */; };
		DC52D10F186C759C00CA9C9D /* HelpListVC.m in Sources */ = {isa = PBXBuildFile; fileRef = DC52D10E186C759C00CA9C9D /* HelpListVC.m */; };
		DC52D112186C760400CA9C9D /* HelpListTVC.m in Sources */ = {isa = PBXBuildFile; fileRef = DC52D111186C760400CA9C9D /* HelpListTVC.m */; };
		DC65AC0A186497BC0001AA97 /* ElderMapVC.m in Sources */ = {isa = PBXBuildFile; fileRef = DC65AC09186497BC0001AA97 /* ElderMapVC.m */; };
		DC65AC0D1864D9B60001AA97 /* ElderConfigurationVC.m in Sources */ = {isa = PBXBuildFile; fileRef = DC65AC0C1864D9B60001AA97 /* ElderConfigurationVC.m */; };
		DC8A5121186ECCB8000DF878 /* OGActionChooser.m in Sources */ = {isa = PBXBuildFile; fileRef = DC8A5120186ECCB8000DF878 /* OGActionChooser.m */; };
		DC8A5132186ECE78000DF878 /* angel-20.png in Resources */ = {isa = PBXBuildFile; fileRef = DC8A5122186ECE78000DF878 /* angel-20.png */; };
		DC8A5133186ECE78000DF878 /* angel-30.png in Resources */ = {isa = PBXBuildFile; fileRef = DC8A5123186ECE78000DF878 /* angel-30.png */; };
		DC8A5134186ECE78000DF878 /* angel-50.png in Resources */ = {isa = PBXBuildFile; fileRef = DC8A5124186ECE78000DF878 /* angel-50.png */; };
		DC8A5135186ECE78000DF878 /* angel-80.png in Resources */ = {isa = PBXBuildFile; fileRef = DC8A5125186ECE78000DF878 /* angel-80.png */; };
		DC8A5136186ECE78000DF878 /* ask-for-help.png in Resources */ = {isa = PBXBuildFile; fileRef = DC8A5126186ECE78000DF878 /* ask-for-help.png */; };
		DC8A5137186ECE78000DF878 /* back-30.png in Resources */ = {isa = PBXBuildFile; fileRef = DC8A5127186ECE78000DF878 /* back-30.png */; };
		DC8A5138186ECE78000DF878 /* call-30.png in Resources */ = {isa = PBXBuildFile; fileRef = DC8A5128186ECE78000DF878 /* call-30.png */; };
		DC8A5139186ECE78000DF878 /* call-80.png in Resources */ = {isa = PBXBuildFile; fileRef = DC8A5129186ECE78000DF878 /* call-80.png */; };
		DC8A513A186ECE78000DF878 /* call-angel-50.png in Resources */ = {isa = PBXBuildFile; fileRef = DC8A512A186ECE78000DF878 /* call-angel-50.png */; };
		DC8A513B186ECE78000DF878 /* call-ems.png in Resources */ = {isa = PBXBuildFile; fileRef = DC8A512B186ECE78000DF878 /* call-ems.png */; };
		DC8A513C186ECE78000DF878 /* close-event.png in Resources */ = {isa = PBXBuildFile; fileRef = DC8A512C186ECE78000DF878 /* close-event.png */; };
		DC8A513D186ECE78000DF878 /* edit-30.png in Resources */ = {isa = PBXBuildFile; fileRef = DC8A512D186ECE78000DF878 /* edit-30.png */; };
		DC8A513E186ECE78000DF878 /* event-log-50.png in Resources */ = {isa = PBXBuildFile; fileRef = DC8A512E186ECE78000DF878 /* event-log-50.png */; };
		DC8A513F186ECE78000DF878 /* listen-30.png in Resources */ = {isa = PBXBuildFile; fileRef = DC8A512F186ECE78000DF878 /* listen-30.png */; };
		DC8A5140186ECE78000DF878 /* listen-80.png in Resources */ = {isa = PBXBuildFile; fileRef = DC8A5130186ECE78000DF878 /* listen-80.png */; };
		DC8A5141186ECE78000DF878 /* location-50.png in Resources */ = {isa = PBXBuildFile; fileRef = DC8A5131186ECE78000DF878 /* location-50.png */; };
		DC8A5143186ECEF1000DF878 /* pause-80.png in Resources */ = {isa = PBXBuildFile; fileRef = DC8A5142186ECEF1000DF878 /* pause-80.png */; };
		DC8A5145186ECF1B000DF878 /* play-80.png in Resources */ = {isa = PBXBuildFile; fileRef = DC8A5144186ECF1B000DF878 /* play-80.png */; };
		DC8A5147186ECF7C000DF878 /* plus-30.png in Resources */ = {isa = PBXBuildFile; fileRef = DC8A5146186ECF7C000DF878 /* plus-30.png */; };
		DC8A514A186ECF94000DF878 /* record-80-stop.png in Resources */ = {isa = PBXBuildFile; fileRef = DC8A5148186ECF94000DF878 /* record-80-stop.png */; };
		DC8A514B186ECF94000DF878 /* record-80.png in Resources */ = {isa = PBXBuildFile; fileRef = DC8A5149186ECF94000DF878 /* record-80.png */; };
		DC8A5154186ECFE4000DF878 /* reminder-30.png in Resources */ = {isa = PBXBuildFile; fileRef = DC8A514C186ECFE4000DF878 /* reminder-30.png */; };
		DC8A5155186ECFE4000DF878 /* reminder-50.png in Resources */ = {isa = PBXBuildFile; fileRef = DC8A514D186ECFE4000DF878 /* reminder-50.png */; };
		DC8A5156186ECFE4000DF878 /* send-angel-50.png in Resources */ = {isa = PBXBuildFile; fileRef = DC8A514E186ECFE4000DF878 /* send-angel-50.png */; };
		DC8A5157186ECFE4000DF878 /* seperating-line.png in Resources */ = {isa = PBXBuildFile; fileRef = DC8A514F186ECFE4000DF878 /* seperating-line.png */; };
		DC8A5158186ECFE4000DF878 /* status-ok.png in Resources */ = {isa = PBXBuildFile; fileRef = DC8A5150186ECFE4000DF878 /* status-ok.png */; };
		DC8A5159186ECFE4000DF878 /* status-panic.png in Resources */ = {isa = PBXBuildFile; fileRef = DC8A5151186ECFE4000DF878 /* status-panic.png */; };
		DC8A515A186ECFE4000DF878 /* status-warning.png in Resources */ = {isa = PBXBuildFile; fileRef = DC8A5152186ECFE4000DF878 /* status-warning.png */; };
		DC8A515B186ECFE4000DF878 /* stop-80.png in Resources */ = {isa = PBXBuildFile; fileRef = DC8A5153186ECFE4000DF878 /* stop-80.png */; };
		DC8A515D186ED081000DF878 /* splash.png in Resources */ = {isa = PBXBuildFile; fileRef = DC8A515C186ED081000DF878 /* splash.png */; };
		DC96A63A1871BECF00372031 /* home-30.png in Resources */ = {isa = PBXBuildFile; fileRef = DC96A6391871BECF00372031 /* home-30.png */; };
		DC96A63C1871BEDD00372031 /* location-30.png in Resources */ = {isa = PBXBuildFile; fileRef = DC96A63B1871BEDD00372031 /* location-30.png */; };
		DC9D67491863A61F00B5EF6A /* UserData.m in Sources */ = {isa = PBXBuildFile; fileRef = DC9D67481863A61F00B5EF6A /* UserData.m */; };
		DCA5E29F18619A6400B28606 /* Media.xcassets in Resources */ = {isa = PBXBuildFile; fileRef = DCA5E29E18619A6400B28606 /* Media.xcassets */; };
		DCA5E2AD1861B6A300B28606 /* logo-80.png in Resources */ = {isa = PBXBuildFile; fileRef = DCA5E2AC1861B6A300B28606 /* logo-80.png */; };
		DCA5E2B51861CABA00B28606 /* MapKit.framework in Frameworks */ = {isa = PBXBuildFile; fileRef = DCA5E2B41861CABA00B28606 /* MapKit.framework */; };
		DCA5E2BC18622F0200B28606 /* NSDataAdditions.m in Sources */ = {isa = PBXBuildFile; fileRef = DCA5E2BA18622F0200B28606 /* NSDataAdditions.m */; };
		DCCEE46C1871A7EE002A5180 /* AngelRequestVC.m in Sources */ = {isa = PBXBuildFile; fileRef = DCCEE46B1871A7EE002A5180 /* AngelRequestVC.m */; };
		DCD09E6B1865FFA700BAF511 /* TaskListVC.m in Sources */ = {isa = PBXBuildFile; fileRef = DCD09E6A1865FFA700BAF511 /* TaskListVC.m */; };
		DCD09E6E1866010D00BAF511 /* AngelsMapVC.m in Sources */ = {isa = PBXBuildFile; fileRef = DCD09E6D1866010D00BAF511 /* AngelsMapVC.m */; };
		DCD09E711866012300BAF511 /* EventLogVC.m in Sources */ = {isa = PBXBuildFile; fileRef = DCD09E701866012300BAF511 /* EventLogVC.m */; };
		DCD09E7418660E4100BAF511 /* ShareContactsVC.m in Sources */ = {isa = PBXBuildFile; fileRef = DCD09E7318660E4100BAF511 /* ShareContactsVC.m */; };
		DCD09E761866145500BAF511 /* phone_book.png in Resources */ = {isa = PBXBuildFile; fileRef = DCD09E751866145500BAF511 /* phone_book.png */; };
		DCDA3E2E18625D640009CE00 /* VerifyCodeVC.m in Sources */ = {isa = PBXBuildFile; fileRef = DCDA3E2D18625D640009CE00 /* VerifyCodeVC.m */; };
		DCDA3E3118625D8D0009CE00 /* ElderStatusVC.m in Sources */ = {isa = PBXBuildFile; fileRef = DCDA3E3018625D8D0009CE00 /* ElderStatusVC.m */; };
		DCF29CE718671BC3009342BF /* panic-30.png in Resources */ = {isa = PBXBuildFile; fileRef = DCF29CE618671BC3009342BF /* panic-30.png */; };
		DCF29CE918672038009342BF /* waiting-30.png in Resources */ = {isa = PBXBuildFile; fileRef = DCF29CE818672038009342BF /* waiting-30.png */; };
		DCF29CEB18672A86009342BF /* pause-30.png in Resources */ = {isa = PBXBuildFile; fileRef = DCF29CEA18672A86009342BF /* pause-30.png */; };
		DCF29CED1867445A009342BF /* AVFoundation.framework in Frameworks */ = {isa = PBXBuildFile; fileRef = DCF29CEC1867445A009342BF /* AVFoundation.framework */; };
		DCF29CF418678E6F009342BF /* CaregiverTVC.m in Sources */ = {isa = PBXBuildFile; fileRef = DCF29CF318678E6F009342BF /* CaregiverTVC.m */; };
		DCF343E11860E6B700C87879 /* Foundation.framework in Frameworks */ = {isa = PBXBuildFile; fileRef = DCF343E01860E6B700C87879 /* Foundation.framework */; };
		DCF343E31860E6B700C87879 /* CoreGraphics.framework in Frameworks */ = {isa = PBXBuildFile; fileRef = DCF343E21860E6B700C87879 /* CoreGraphics.framework */; };
		DCF343E51860E6B700C87879 /* UIKit.framework in Frameworks */ = {isa = PBXBuildFile; fileRef = DCF343E41860E6B700C87879 /* UIKit.framework */; };
		DCF343E71860E6B700C87879 /* CoreData.framework in Frameworks */ = {isa = PBXBuildFile; fileRef = DCF343E61860E6B700C87879 /* CoreData.framework */; };
		DCF343ED1860E6B700C87879 /* InfoPlist.strings in Resources */ = {isa = PBXBuildFile; fileRef = DCF343EB1860E6B700C87879 /* InfoPlist.strings */; };
		DCF343EF1860E6B700C87879 /* main.m in Sources */ = {isa = PBXBuildFile; fileRef = DCF343EE1860E6B700C87879 /* main.m */; };
		DCF343F31860E6B700C87879 /* AppDelegate.m in Sources */ = {isa = PBXBuildFile; fileRef = DCF343F21860E6B700C87879 /* AppDelegate.m */; };
		DCF343F61860E6B700C87879 /* ViGuard.xcdatamodeld in Sources */ = {isa = PBXBuildFile; fileRef = DCF343F41860E6B700C87879 /* ViGuard.xcdatamodeld */; };
		DCF3441D1860F69400C87879 /* GuardianRegistrationVC.m in Sources */ = {isa = PBXBuildFile; fileRef = DCF3441C1860F69400C87879 /* GuardianRegistrationVC.m */; };
		DCF344221860FAAE00C87879 /* MainStoryboard.storyboard in Resources */ = {isa = PBXBuildFile; fileRef = DCF344211860FAAE00C87879 /* MainStoryboard.storyboard */; };
/* End PBXBuildFile section */

/* Begin PBXFileReference section */
		DC1B64F61862D9FB009513F6 /* DataUtils.h */ = {isa = PBXFileReference; fileEncoding = 4; lastKnownFileType = sourcecode.c.h; path = DataUtils.h; sourceTree = "<group>"; };
		DC1B64F71862D9FB009513F6 /* DataUtils.m */ = {isa = PBXFileReference; fileEncoding = 4; lastKnownFileType = sourcecode.c.objc; path = DataUtils.m; sourceTree = "<group>"; };
		DC1B64F91862E5D1009513F6 /* HttpService.h */ = {isa = PBXFileReference; fileEncoding = 4; lastKnownFileType = sourcecode.c.h; path = HttpService.h; sourceTree = "<group>"; };
		DC1B64FA1862E5D1009513F6 /* HttpService.m */ = {isa = PBXFileReference; fileEncoding = 4; lastKnownFileType = sourcecode.c.objc; path = HttpService.m; sourceTree = "<group>"; };
		DC1B64FC1862FEAD009513F6 /* ActivateCaregiverVC.h */ = {isa = PBXFileReference; fileEncoding = 4; lastKnownFileType = sourcecode.c.h; path = ActivateCaregiverVC.h; sourceTree = "<group>"; };
		DC1B64FD1862FEAD009513F6 /* ActivateCaregiverVC.m */ = {isa = PBXFileReference; fileEncoding = 4; lastKnownFileType = sourcecode.c.objc; path = ActivateCaregiverVC.m; sourceTree = "<group>"; };
		DC1B65001863785B009513F6 /* logo-30.png */ = {isa = PBXFileReference; lastKnownFileType = image.png; path = "logo-30.png"; sourceTree = "<group>"; };
		DC24A18C1871C4F2000A707B /* HelpAssistVC.h */ = {isa = PBXFileReference; fileEncoding = 4; lastKnownFileType = sourcecode.c.h; path = HelpAssistVC.h; sourceTree = "<group>"; };
		DC24A18D1871C4F2000A707B /* HelpAssistVC.m */ = {isa = PBXFileReference; fileEncoding = 4; lastKnownFileType = sourcecode.c.objc; path = HelpAssistVC.m; sourceTree = "<group>"; };
		DC2906B3186889B5005B090E /* TaskListTVC.h */ = {isa = PBXFileReference; fileEncoding = 4; lastKnownFileType = sourcecode.c.h; path = TaskListTVC.h; sourceTree = "<group>"; };
		DC2906B4186889B5005B090E /* TaskListTVC.m */ = {isa = PBXFileReference; fileEncoding = 4; lastKnownFileType = sourcecode.c.objc; path = TaskListTVC.m; sourceTree = "<group>"; };
		DC2906BC18689FCB005B090E /* EditTaskVC.h */ = {isa = PBXFileReference; fileEncoding = 4; lastKnownFileType = sourcecode.c.h; path = EditTaskVC.h; sourceTree = "<group>"; };
		DC2906BD18689FCB005B090E /* EditTaskVC.m */ = {isa = PBXFileReference; fileEncoding = 4; lastKnownFileType = sourcecode.c.objc; path = EditTaskVC.m; sourceTree = "<group>"; };
		DC33F4121871B8B200F1E359 /* logo-190.png */ = {isa = PBXFileReference; lastKnownFileType = image.png; path = "logo-190.png"; sourceTree = "<group>"; };
		DC33F4141871BBB700F1E359 /* home-50.png */ = {isa = PBXFileReference; lastKnownFileType = image.png; path = "home-50.png"; sourceTree = "<group>"; };
		DC454C401866EEDB0084D7B3 /* play-30.png */ = {isa = PBXFileReference; lastKnownFileType = image.png; path = "play-30.png"; sourceTree = "<group>"; };
		DC454C421866EEE70084D7B3 /* stop-30.png */ = {isa = PBXFileReference; lastKnownFileType = image.png; path = "stop-30.png"; sourceTree = "<group>"; };
		DC454C4A1866F5D60084D7B3 /* EventLogCell.h */ = {isa = PBXFileReference; fileEncoding = 4; lastKnownFileType = sourcecode.c.h; path = EventLogCell.h; sourceTree = "<group>"; };
		DC454C4B1866F5D60084D7B3 /* EventLogCell.m */ = {isa = PBXFileReference; fileEncoding = 4; lastKnownFileType = sourcecode.c.objc; path = EventLogCell.m; sourceTree = "<group>"; };
		DC454C4D1866F7E50084D7B3 /* play-30-disabled.png */ = {isa = PBXFileReference; lastKnownFileType = image.png; path = "play-30-disabled.png"; sourceTree = "<group>"; };
		DC482D7E1869643F00131796 /* AbstractActionSheetPicker.h */ = {isa = PBXFileReference; fileEncoding = 4; lastKnownFileType = sourcecode.c.h; path = AbstractActionSheetPicker.h; sourceTree = "<group>"; };
		DC482D7F1869643F00131796 /* AbstractActionSheetPicker.m */ = {isa = PBXFileReference; fileEncoding = 4; lastKnownFileType = sourcecode.c.objc; path = AbstractActionSheetPicker.m; sourceTree = "<group>"; };
		DC482D801869643F00131796 /* ActionSheetCustomPicker.h */ = {isa = PBXFileReference; fileEncoding = 4; lastKnownFileType = sourcecode.c.h; path = ActionSheetCustomPicker.h; sourceTree = "<group>"; };
		DC482D811869643F00131796 /* ActionSheetCustomPicker.m */ = {isa = PBXFileReference; fileEncoding = 4; lastKnownFileType = sourcecode.c.objc; path = ActionSheetCustomPicker.m; sourceTree = "<group>"; };
		DC482D821869643F00131796 /* ActionSheetCustomPickerDelegate.h */ = {isa = PBXFileReference; fileEncoding = 4; lastKnownFileType = sourcecode.c.h; path = ActionSheetCustomPickerDelegate.h; sourceTree = "<group>"; };
		DC482D831869643F00131796 /* ActionSheetDatePicker.h */ = {isa = PBXFileReference; fileEncoding = 4; lastKnownFileType = sourcecode.c.h; path = ActionSheetDatePicker.h; sourceTree = "<group>"; };
		DC482D841869643F00131796 /* ActionSheetDatePicker.m */ = {isa = PBXFileReference; fileEncoding = 4; lastKnownFileType = sourcecode.c.objc; path = ActionSheetDatePicker.m; sourceTree = "<group>"; };
		DC482D851869643F00131796 /* ActionSheetDistancePicker.h */ = {isa = PBXFileReference; fileEncoding = 4; lastKnownFileType = sourcecode.c.h; path = ActionSheetDistancePicker.h; sourceTree = "<group>"; };
		DC482D861869643F00131796 /* ActionSheetDistancePicker.m */ = {isa = PBXFileReference; fileEncoding = 4; lastKnownFileType = sourcecode.c.objc; path = ActionSheetDistancePicker.m; sourceTree = "<group>"; };
		DC482D871869643F00131796 /* ActionSheetStringPicker.h */ = {isa = PBXFileReference; fileEncoding = 4; lastKnownFileType = sourcecode.c.h; path = ActionSheetStringPicker.h; sourceTree = "<group>"; };
		DC482D881869643F00131796 /* ActionSheetStringPicker.m */ = {isa = PBXFileReference; fileEncoding = 4; lastKnownFileType = sourcecode.c.objc; path = ActionSheetStringPicker.m; sourceTree = "<group>"; };
		DC482D891869643F00131796 /* DistancePickerView.h */ = {isa = PBXFileReference; fileEncoding = 4; lastKnownFileType = sourcecode.c.h; path = DistancePickerView.h; sourceTree = "<group>"; };
		DC482D8A1869643F00131796 /* DistancePickerView.m */ = {isa = PBXFileReference; fileEncoding = 4; lastKnownFileType = sourcecode.c.objc; path = DistancePickerView.m; sourceTree = "<group>"; };
		DC482D911869650600131796 /* ActionSheetPicker.h */ = {isa = PBXFileReference; lastKnownFileType = sourcecode.c.h; path = ActionSheetPicker.h; sourceTree = "<group>"; };
		DC52D0FE186B076500CA9C9D /* UIAlertView+WithBlock.h */ = {isa = PBXFileReference; fileEncoding = 4; lastKnownFileType = sourcecode.c.h; path = "UIAlertView+WithBlock.h"; sourceTree = "<group>"; };
		DC52D0FF186B076500CA9C9D /* UIAlertView+WithBlock.m */ = {isa = PBXFileReference; fileEncoding = 4; lastKnownFileType = sourcecode.c.objc; path = "UIAlertView+WithBlock.m"; sourceTree = "<group>"; };
		DC52D101186B61DB00CA9C9D /* LocationSingleton.h */ = {isa = PBXFileReference; fileEncoding = 4; lastKnownFileType = sourcecode.c.h; path = LocationSingleton.h; sourceTree = "<group>"; };
		DC52D102186B61DB00CA9C9D /* LocationSingleton.m */ = {isa = PBXFileReference; fileEncoding = 4; lastKnownFileType = sourcecode.c.objc; path = LocationSingleton.m; sourceTree = "<group>"; };
		DC52D10A186C3E5900CA9C9D /* PanicHandleVC.h */ = {isa = PBXFileReference; fileEncoding = 4; lastKnownFileType = sourcecode.c.h; path = PanicHandleVC.h; sourceTree = "<group>"; };
		DC52D10B186C3E5900CA9C9D /* PanicHandleVC.m */ = {isa = PBXFileReference; fileEncoding = 4; lastKnownFileType = sourcecode.c.objc; path = PanicHandleVC.m; sourceTree = "<group>"; };
		DC52D10D186C759C00CA9C9D /* HelpListVC.h */ = {isa = PBXFileReference; fileEncoding = 4; lastKnownFileType = sourcecode.c.h; path = HelpListVC.h; sourceTree = "<group>"; };
		DC52D10E186C759C00CA9C9D /* HelpListVC.m */ = {isa = PBXFileReference; fileEncoding = 4; lastKnownFileType = sourcecode.c.objc; path = HelpListVC.m; sourceTree = "<group>"; };
		DC52D110186C760400CA9C9D /* HelpListTVC.h */ = {isa = PBXFileReference; fileEncoding = 4; lastKnownFileType = sourcecode.c.h; path = HelpListTVC.h; sourceTree = "<group>"; };
		DC52D111186C760400CA9C9D /* HelpListTVC.m */ = {isa = PBXFileReference; fileEncoding = 4; lastKnownFileType = sourcecode.c.objc; path = HelpListTVC.m; sourceTree = "<group>"; };
		DC65AC08186497BC0001AA97 /* ElderMapVC.h */ = {isa = PBXFileReference; fileEncoding = 4; lastKnownFileType = sourcecode.c.h; path = ElderMapVC.h; sourceTree = "<group>"; };
		DC65AC09186497BC0001AA97 /* ElderMapVC.m */ = {isa = PBXFileReference; fileEncoding = 4; lastKnownFileType = sourcecode.c.objc; path = ElderMapVC.m; sourceTree = "<group>"; };
		DC65AC0B1864D9B60001AA97 /* ElderConfigurationVC.h */ = {isa = PBXFileReference; fileEncoding = 4; lastKnownFileType = sourcecode.c.h; path = ElderConfigurationVC.h; sourceTree = "<group>"; };
		DC65AC0C1864D9B60001AA97 /* ElderConfigurationVC.m */ = {isa = PBXFileReference; fileEncoding = 4; lastKnownFileType = sourcecode.c.objc; path = ElderConfigurationVC.m; sourceTree = "<group>"; };
		DC8A511F186ECCB8000DF878 /* OGActionChooser.h */ = {isa = PBXFileReference; fileEncoding = 4; lastKnownFileType = sourcecode.c.h; path = OGActionChooser.h; sourceTree = "<group>"; };
		DC8A5120186ECCB8000DF878 /* OGActionChooser.m */ = {isa = PBXFileReference; fileEncoding = 4; lastKnownFileType = sourcecode.c.objc; path = OGActionChooser.m; sourceTree = "<group>"; };
		DC8A5122186ECE78000DF878 /* angel-20.png */ = {isa = PBXFileReference; lastKnownFileType = image.png; path = "angel-20.png"; sourceTree = "<group>"; };
		DC8A5123186ECE78000DF878 /* angel-30.png */ = {isa = PBXFileReference; lastKnownFileType = image.png; path = "angel-30.png"; sourceTree = "<group>"; };
		DC8A5124186ECE78000DF878 /* angel-50.png */ = {isa = PBXFileReference; lastKnownFileType = image.png; path = "angel-50.png"; sourceTree = "<group>"; };
		DC8A5125186ECE78000DF878 /* angel-80.png */ = {isa = PBXFileReference; lastKnownFileType = image.png; path = "angel-80.png"; sourceTree = "<group>"; };
		DC8A5126186ECE78000DF878 /* ask-for-help.png */ = {isa = PBXFileReference; lastKnownFileType = image.png; path = "ask-for-help.png"; sourceTree = "<group>"; };
		DC8A5127186ECE78000DF878 /* back-30.png */ = {isa = PBXFileReference; lastKnownFileType = image.png; path = "back-30.png"; sourceTree = "<group>"; };
		DC8A5128186ECE78000DF878 /* call-30.png */ = {isa = PBXFileReference; lastKnownFileType = image.png; path = "call-30.png"; sourceTree = "<group>"; };
		DC8A5129186ECE78000DF878 /* call-80.png */ = {isa = PBXFileReference; lastKnownFileType = image.png; path = "call-80.png"; sourceTree = "<group>"; };
		DC8A512A186ECE78000DF878 /* call-angel-50.png */ = {isa = PBXFileReference; lastKnownFileType = image.png; path = "call-angel-50.png"; sourceTree = "<group>"; };
		DC8A512B186ECE78000DF878 /* call-ems.png */ = {isa = PBXFileReference; lastKnownFileType = image.png; path = "call-ems.png"; sourceTree = "<group>"; };
		DC8A512C186ECE78000DF878 /* close-event.png */ = {isa = PBXFileReference; lastKnownFileType = image.png; path = "close-event.png"; sourceTree = "<group>"; };
		DC8A512D186ECE78000DF878 /* edit-30.png */ = {isa = PBXFileReference; lastKnownFileType = image.png; path = "edit-30.png"; sourceTree = "<group>"; };
		DC8A512E186ECE78000DF878 /* event-log-50.png */ = {isa = PBXFileReference; lastKnownFileType = image.png; path = "event-log-50.png"; sourceTree = "<group>"; };
		DC8A512F186ECE78000DF878 /* listen-30.png */ = {isa = PBXFileReference; lastKnownFileType = image.png; path = "listen-30.png"; sourceTree = "<group>"; };
		DC8A5130186ECE78000DF878 /* listen-80.png */ = {isa = PBXFileReference; lastKnownFileType = image.png; path = "listen-80.png"; sourceTree = "<group>"; };
		DC8A5131186ECE78000DF878 /* location-50.png */ = {isa = PBXFileReference; lastKnownFileType = image.png; path = "location-50.png"; sourceTree = "<group>"; };
		DC8A5142186ECEF1000DF878 /* pause-80.png */ = {isa = PBXFileReference; lastKnownFileType = image.png; path = "pause-80.png"; sourceTree = "<group>"; };
		DC8A5144186ECF1B000DF878 /* play-80.png */ = {isa = PBXFileReference; lastKnownFileType = image.png; path = "play-80.png"; sourceTree = "<group>"; };
		DC8A5146186ECF7C000DF878 /* plus-30.png */ = {isa = PBXFileReference; lastKnownFileType = image.png; path = "plus-30.png"; sourceTree = "<group>"; };
		DC8A5148186ECF94000DF878 /* record-80-stop.png */ = {isa = PBXFileReference; lastKnownFileType = image.png; path = "record-80-stop.png"; sourceTree = "<group>"; };
		DC8A5149186ECF94000DF878 /* record-80.png */ = {isa = PBXFileReference; lastKnownFileType = image.png; path = "record-80.png"; sourceTree = "<group>"; };
		DC8A514C186ECFE4000DF878 /* reminder-30.png */ = {isa = PBXFileReference; lastKnownFileType = image.png; path = "reminder-30.png"; sourceTree = "<group>"; };
		DC8A514D186ECFE4000DF878 /* reminder-50.png */ = {isa = PBXFileReference; lastKnownFileType = image.png; path = "reminder-50.png"; sourceTree = "<group>"; };
		DC8A514E186ECFE4000DF878 /* send-angel-50.png */ = {isa = PBXFileReference; lastKnownFileType = image.png; path = "send-angel-50.png"; sourceTree = "<group>"; };
		DC8A514F186ECFE4000DF878 /* seperating-line.png */ = {isa = PBXFileReference; lastKnownFileType = image.png; path = "seperating-line.png"; sourceTree = "<group>"; };
		DC8A5150186ECFE4000DF878 /* status-ok.png */ = {isa = PBXFileReference; lastKnownFileType = image.png; path = "status-ok.png"; sourceTree = "<group>"; };
		DC8A5151186ECFE4000DF878 /* status-panic.png */ = {isa = PBXFileReference; lastKnownFileType = image.png; path = "status-panic.png"; sourceTree = "<group>"; };
		DC8A5152186ECFE4000DF878 /* status-warning.png */ = {isa = PBXFileReference; lastKnownFileType = image.png; path = "status-warning.png"; sourceTree = "<group>"; };
		DC8A5153186ECFE4000DF878 /* stop-80.png */ = {isa = PBXFileReference; lastKnownFileType = image.png; path = "stop-80.png"; sourceTree = "<group>"; };
		DC8A515C186ED081000DF878 /* splash.png */ = {isa = PBXFileReference; lastKnownFileType = image.png; path = splash.png; sourceTree = "<group>"; };
		DC96A6391871BECF00372031 /* home-30.png */ = {isa = PBXFileReference; lastKnownFileType = image.png; path = "home-30.png"; sourceTree = "<group>"; };
		DC96A63B1871BEDD00372031 /* location-30.png */ = {isa = PBXFileReference; lastKnownFileType = image.png; path = "location-30.png"; sourceTree = "<group>"; };
		DC9D67471863A61F00B5EF6A /* UserData.h */ = {isa = PBXFileReference; fileEncoding = 4; lastKnownFileType = sourcecode.c.h; path = UserData.h; sourceTree = "<group>"; };
		DC9D67481863A61F00B5EF6A /* UserData.m */ = {isa = PBXFileReference; fileEncoding = 4; lastKnownFileType = sourcecode.c.objc; path = UserData.m; sourceTree = "<group>"; };
		DCA5E29E18619A6400B28606 /* Media.xcassets */ = {isa = PBXFileReference; lastKnownFileType = folder.assetcatalog; path = Media.xcassets; sourceTree = "<group>"; };
		DCA5E2AC1861B6A300B28606 /* logo-80.png */ = {isa = PBXFileReference; lastKnownFileType = image.png; path = "logo-80.png"; sourceTree = "<group>"; };
		DCA5E2B41861CABA00B28606 /* MapKit.framework */ = {isa = PBXFileReference; lastKnownFileType = wrapper.framework; name = MapKit.framework; path = System/Library/Frameworks/MapKit.framework; sourceTree = SDKROOT; };
		DCA5E2BA18622F0200B28606 /* NSDataAdditions.m */ = {isa = PBXFileReference; fileEncoding = 4; lastKnownFileType = sourcecode.c.objc; path = NSDataAdditions.m; sourceTree = "<group>"; };
		DCA5E2BB18622F0200B28606 /* NSDataAdditions.h */ = {isa = PBXFileReference; fileEncoding = 4; lastKnownFileType = sourcecode.c.h; path = NSDataAdditions.h; sourceTree = "<group>"; };
		DCCEE46A1871A7EE002A5180 /* AngelRequestVC.h */ = {isa = PBXFileReference; fileEncoding = 4; lastKnownFileType = sourcecode.c.h; path = AngelRequestVC.h; sourceTree = "<group>"; };
		DCCEE46B1871A7EE002A5180 /* AngelRequestVC.m */ = {isa = PBXFileReference; fileEncoding = 4; lastKnownFileType = sourcecode.c.objc; path = AngelRequestVC.m; sourceTree = "<group>"; };
		DCD09E691865FFA700BAF511 /* TaskListVC.h */ = {isa = PBXFileReference; fileEncoding = 4; lastKnownFileType = sourcecode.c.h; path = TaskListVC.h; sourceTree = "<group>"; };
		DCD09E6A1865FFA700BAF511 /* TaskListVC.m */ = {isa = PBXFileReference; fileEncoding = 4; lastKnownFileType = sourcecode.c.objc; path = TaskListVC.m; sourceTree = "<group>"; };
		DCD09E6C1866010D00BAF511 /* AngelsMapVC.h */ = {isa = PBXFileReference; fileEncoding = 4; lastKnownFileType = sourcecode.c.h; path = AngelsMapVC.h; sourceTree = "<group>"; };
		DCD09E6D1866010D00BAF511 /* AngelsMapVC.m */ = {isa = PBXFileReference; fileEncoding = 4; lastKnownFileType = sourcecode.c.objc; path = AngelsMapVC.m; sourceTree = "<group>"; };
		DCD09E6F1866012300BAF511 /* EventLogVC.h */ = {isa = PBXFileReference; fileEncoding = 4; lastKnownFileType = sourcecode.c.h; path = EventLogVC.h; sourceTree = "<group>"; };
		DCD09E701866012300BAF511 /* EventLogVC.m */ = {isa = PBXFileReference; fileEncoding = 4; lastKnownFileType = sourcecode.c.objc; path = EventLogVC.m; sourceTree = "<group>"; };
		DCD09E7218660E4100BAF511 /* ShareContactsVC.h */ = {isa = PBXFileReference; fileEncoding = 4; lastKnownFileType = sourcecode.c.h; path = ShareContactsVC.h; sourceTree = "<group>"; };
		DCD09E7318660E4100BAF511 /* ShareContactsVC.m */ = {isa = PBXFileReference; fileEncoding = 4; lastKnownFileType = sourcecode.c.objc; path = ShareContactsVC.m; sourceTree = "<group>"; };
		DCD09E751866145500BAF511 /* phone_book.png */ = {isa = PBXFileReference; lastKnownFileType = image.png; path = phone_book.png; sourceTree = "<group>"; };
		DCDA3E2C18625D640009CE00 /* VerifyCodeVC.h */ = {isa = PBXFileReference; fileEncoding = 4; lastKnownFileType = sourcecode.c.h; path = VerifyCodeVC.h; sourceTree = "<group>"; };
		DCDA3E2D18625D640009CE00 /* VerifyCodeVC.m */ = {isa = PBXFileReference; fileEncoding = 4; lastKnownFileType = sourcecode.c.objc; path = VerifyCodeVC.m; sourceTree = "<group>"; };
		DCDA3E2F18625D8D0009CE00 /* ElderStatusVC.h */ = {isa = PBXFileReference; fileEncoding = 4; lastKnownFileType = sourcecode.c.h; path = ElderStatusVC.h; sourceTree = "<group>"; };
		DCDA3E3018625D8D0009CE00 /* ElderStatusVC.m */ = {isa = PBXFileReference; fileEncoding = 4; lastKnownFileType = sourcecode.c.objc; path = ElderStatusVC.m; sourceTree = "<group>"; };
		DCF29CE618671BC3009342BF /* panic-30.png */ = {isa = PBXFileReference; lastKnownFileType = image.png; path = "panic-30.png"; sourceTree = "<group>"; };
		DCF29CE818672038009342BF /* waiting-30.png */ = {isa = PBXFileReference; lastKnownFileType = image.png; path = "waiting-30.png"; sourceTree = "<group>"; };
		DCF29CEA18672A86009342BF /* pause-30.png */ = {isa = PBXFileReference; lastKnownFileType = image.png; path = "pause-30.png"; sourceTree = "<group>"; };
		DCF29CEC1867445A009342BF /* AVFoundation.framework */ = {isa = PBXFileReference; lastKnownFileType = wrapper.framework; name = AVFoundation.framework; path = System/Library/Frameworks/AVFoundation.framework; sourceTree = SDKROOT; };
		DCF29CF218678E6F009342BF /* CaregiverTVC.h */ = {isa = PBXFileReference; fileEncoding = 4; lastKnownFileType = sourcecode.c.h; path = CaregiverTVC.h; sourceTree = "<group>"; };
		DCF29CF318678E6F009342BF /* CaregiverTVC.m */ = {isa = PBXFileReference; fileEncoding = 4; lastKnownFileType = sourcecode.c.objc; path = CaregiverTVC.m; sourceTree = "<group>"; };
		DCF343DD1860E6B700C87879 /* ViGuard.app */ = {isa = PBXFileReference; explicitFileType = wrapper.application; includeInIndex = 0; path = ViGuard.app; sourceTree = BUILT_PRODUCTS_DIR; };
		DCF343E01860E6B700C87879 /* Foundation.framework */ = {isa = PBXFileReference; lastKnownFileType = wrapper.framework; name = Foundation.framework; path = System/Library/Frameworks/Foundation.framework; sourceTree = SDKROOT; };
		DCF343E21860E6B700C87879 /* CoreGraphics.framework */ = {isa = PBXFileReference; lastKnownFileType = wrapper.framework; name = CoreGraphics.framework; path = System/Library/Frameworks/CoreGraphics.framework; sourceTree = SDKROOT; };
		DCF343E41860E6B700C87879 /* UIKit.framework */ = {isa = PBXFileReference; lastKnownFileType = wrapper.framework; name = UIKit.framework; path = System/Library/Frameworks/UIKit.framework; sourceTree = SDKROOT; };
		DCF343E61860E6B700C87879 /* CoreData.framework */ = {isa = PBXFileReference; lastKnownFileType = wrapper.framework; name = CoreData.framework; path = System/Library/Frameworks/CoreData.framework; sourceTree = SDKROOT; };
		DCF343EA1860E6B700C87879 /* ViGuard-Info.plist */ = {isa = PBXFileReference; lastKnownFileType = text.plist.xml; path = "ViGuard-Info.plist"; sourceTree = "<group>"; };
		DCF343EC1860E6B700C87879 /* en */ = {isa = PBXFileReference; lastKnownFileType = text.plist.strings; name = en; path = en.lproj/InfoPlist.strings; sourceTree = "<group>"; };
		DCF343EE1860E6B700C87879 /* main.m */ = {isa = PBXFileReference; lastKnownFileType = sourcecode.c.objc; path = main.m; sourceTree = "<group>"; };
		DCF343F01860E6B700C87879 /* ViGuard-Prefix.pch */ = {isa = PBXFileReference; lastKnownFileType = sourcecode.c.h; path = "ViGuard-Prefix.pch"; sourceTree = "<group>"; };
		DCF343F11860E6B700C87879 /* AppDelegate.h */ = {isa = PBXFileReference; lastKnownFileType = sourcecode.c.h; path = AppDelegate.h; sourceTree = "<group>"; };
		DCF343F21860E6B700C87879 /* AppDelegate.m */ = {isa = PBXFileReference; lastKnownFileType = sourcecode.c.objc; path = AppDelegate.m; sourceTree = "<group>"; };
		DCF343F51860E6B700C87879 /* ViGuard.xcdatamodel */ = {isa = PBXFileReference; lastKnownFileType = wrapper.xcdatamodel; path = ViGuard.xcdatamodel; sourceTree = "<group>"; };
		DCF343FE1860E6B800C87879 /* XCTest.framework */ = {isa = PBXFileReference; lastKnownFileType = wrapper.framework; name = XCTest.framework; path = Library/Frameworks/XCTest.framework; sourceTree = DEVELOPER_DIR; };
		DCF3441B1860F69400C87879 /* GuardianRegistrationVC.h */ = {isa = PBXFileReference; fileEncoding = 4; lastKnownFileType = sourcecode.c.h; path = GuardianRegistrationVC.h; sourceTree = "<group>"; };
		DCF3441C1860F69400C87879 /* GuardianRegistrationVC.m */ = {isa = PBXFileReference; fileEncoding = 4; lastKnownFileType = sourcecode.c.objc; path = GuardianRegistrationVC.m; sourceTree = "<group>"; };
		DCF344211860FAAE00C87879 /* MainStoryboard.storyboard */ = {isa = PBXFileReference; fileEncoding = 4; lastKnownFileType = file.storyboard; path = MainStoryboard.storyboard; sourceTree = "<group>"; };
/* End PBXFileReference section */

/* Begin PBXFrameworksBuildPhase section */
		DCF343DA1860E6B700C87879 /* Frameworks */ = {
			isa = PBXFrameworksBuildPhase;
			buildActionMask = 2147483647;
			files = (
				DCF29CED1867445A009342BF /* AVFoundation.framework in Frameworks */,
				DCF343E31860E6B700C87879 /* CoreGraphics.framework in Frameworks */,
				DCF343E71860E6B700C87879 /* CoreData.framework in Frameworks */,
				DCA5E2B51861CABA00B28606 /* MapKit.framework in Frameworks */,
				DCF343E51860E6B700C87879 /* UIKit.framework in Frameworks */,
				DCF343E11860E6B700C87879 /* Foundation.framework in Frameworks */,
			);
			runOnlyForDeploymentPostprocessing = 0;
		};
/* End PBXFrameworksBuildPhase section */

/* Begin PBXGroup section */
		DC482D7C1869631000131796 /* ActionPicker */ = {
			isa = PBXGroup;
			children = (
				DC482D911869650600131796 /* ActionSheetPicker.h */,
				DC482D7D1869643F00131796 /* Pickers */,
			);
			path = ActionPicker;
			sourceTree = "<group>";
		};
		DC482D7D1869643F00131796 /* Pickers */ = {
			isa = PBXGroup;
			children = (
				DC482D7E1869643F00131796 /* AbstractActionSheetPicker.h */,
				DC482D7F1869643F00131796 /* AbstractActionSheetPicker.m */,
				DC482D801869643F00131796 /* ActionSheetCustomPicker.h */,
				DC482D811869643F00131796 /* ActionSheetCustomPicker.m */,
				DC482D821869643F00131796 /* ActionSheetCustomPickerDelegate.h */,
				DC482D831869643F00131796 /* ActionSheetDatePicker.h */,
				DC482D841869643F00131796 /* ActionSheetDatePicker.m */,
				DC482D851869643F00131796 /* ActionSheetDistancePicker.h */,
				DC482D861869643F00131796 /* ActionSheetDistancePicker.m */,
				DC482D871869643F00131796 /* ActionSheetStringPicker.h */,
				DC482D881869643F00131796 /* ActionSheetStringPicker.m */,
				DC482D891869643F00131796 /* DistancePickerView.h */,
				DC482D8A1869643F00131796 /* DistancePickerView.m */,
			);
			path = Pickers;
			sourceTree = "<group>";
		};
		DCA5E2971861005200B28606 /* Views */ = {
			isa = PBXGroup;
			children = (
				DCF344211860FAAE00C87879 /* MainStoryboard.storyboard */,
				DC1B64FC1862FEAD009513F6 /* ActivateCaregiverVC.h */,
				DC1B64FD1862FEAD009513F6 /* ActivateCaregiverVC.m */,
				DCCEE46A1871A7EE002A5180 /* AngelRequestVC.h */,
				DCCEE46B1871A7EE002A5180 /* AngelRequestVC.m */,
				DCD09E6C1866010D00BAF511 /* AngelsMapVC.h */,
				DCD09E6D1866010D00BAF511 /* AngelsMapVC.m */,
				DCF29CF218678E6F009342BF /* CaregiverTVC.h */,
				DCF29CF318678E6F009342BF /* CaregiverTVC.m */,
				DC2906BC18689FCB005B090E /* EditTaskVC.h */,
				DC2906BD18689FCB005B090E /* EditTaskVC.m */,
				DC65AC0B1864D9B60001AA97 /* ElderConfigurationVC.h */,
				DC65AC0C1864D9B60001AA97 /* ElderConfigurationVC.m */,
				DC454C4A1866F5D60084D7B3 /* EventLogCell.h */,
				DC454C4B1866F5D60084D7B3 /* EventLogCell.m */,
				DCD09E6F1866012300BAF511 /* EventLogVC.h */,
				DCD09E701866012300BAF511 /* EventLogVC.m */,
				DC65AC08186497BC0001AA97 /* ElderMapVC.h */,
				DC65AC09186497BC0001AA97 /* ElderMapVC.m */,
				DCDA3E2F18625D8D0009CE00 /* ElderStatusVC.h */,
				DCDA3E3018625D8D0009CE00 /* ElderStatusVC.m */,
				DCF3441B1860F69400C87879 /* GuardianRegistrationVC.h */,
				DCF3441C1860F69400C87879 /* GuardianRegistrationVC.m */,
				DC24A18C1871C4F2000A707B /* HelpAssistVC.h */,
				DC24A18D1871C4F2000A707B /* HelpAssistVC.m */,
				DC52D110186C760400CA9C9D /* HelpListTVC.h */,
				DC52D111186C760400CA9C9D /* HelpListTVC.m */,
				DC52D10D186C759C00CA9C9D /* HelpListVC.h */,
				DC52D10E186C759C00CA9C9D /* HelpListVC.m */,
				DC52D10A186C3E5900CA9C9D /* PanicHandleVC.h */,
				DC52D10B186C3E5900CA9C9D /* PanicHandleVC.m */,
				DCD09E7218660E4100BAF511 /* ShareContactsVC.h */,
				DCD09E7318660E4100BAF511 /* ShareContactsVC.m */,
				DC2906B3186889B5005B090E /* TaskListTVC.h */,
				DC2906B4186889B5005B090E /* TaskListTVC.m */,
				DCD09E691865FFA700BAF511 /* TaskListVC.h */,
				DCD09E6A1865FFA700BAF511 /* TaskListVC.m */,
				DCDA3E2C18625D640009CE00 /* VerifyCodeVC.h */,
				DCDA3E2D18625D640009CE00 /* VerifyCodeVC.m */,
			);
			path = Views;
			sourceTree = "<group>";
		};
		DCA5E2A11861A1DF00B28606 /* Data */ = {
			isa = PBXGroup;
			children = (
				DC9D67471863A61F00B5EF6A /* UserData.h */,
				DC9D67481863A61F00B5EF6A /* UserData.m */,
				DCF343F41860E6B700C87879 /* ViGuard.xcdatamodeld */,
				DC1B64F61862D9FB009513F6 /* DataUtils.h */,
				DC1B64F71862D9FB009513F6 /* DataUtils.m */,
			);
			path = Data;
			sourceTree = "<group>";
		};
		DCA5E2AE1861B6AA00B28606 /* Images */ = {
			isa = PBXGroup;
			children = (
				DC8A5122186ECE78000DF878 /* angel-20.png */,
				DC8A5123186ECE78000DF878 /* angel-30.png */,
				DC8A5124186ECE78000DF878 /* angel-50.png */,
				DC8A5125186ECE78000DF878 /* angel-80.png */,
				DC8A5126186ECE78000DF878 /* ask-for-help.png */,
				DC8A5127186ECE78000DF878 /* back-30.png */,
				DC8A5128186ECE78000DF878 /* call-30.png */,
				DC8A5129186ECE78000DF878 /* call-80.png */,
				DC8A512A186ECE78000DF878 /* call-angel-50.png */,
				DC8A512B186ECE78000DF878 /* call-ems.png */,
				DC8A512C186ECE78000DF878 /* close-event.png */,
				DC8A512D186ECE78000DF878 /* edit-30.png */,
				DC8A512E186ECE78000DF878 /* event-log-50.png */,
				DC96A6391871BECF00372031 /* home-30.png */,
				DC33F4141871BBB700F1E359 /* home-50.png */,
				DC8A512F186ECE78000DF878 /* listen-30.png */,
				DC8A5130186ECE78000DF878 /* listen-80.png */,
				DC96A63B1871BEDD00372031 /* location-30.png */,
				DC8A5131186ECE78000DF878 /* location-50.png */,
				DC1B65001863785B009513F6 /* logo-30.png */,
				DCA5E2AC1861B6A300B28606 /* logo-80.png */,
				DC33F4121871B8B200F1E359 /* logo-190.png */,
				DCF29CE618671BC3009342BF /* panic-30.png */,
				DCF29CEA18672A86009342BF /* pause-30.png */,
				DC8A5142186ECEF1000DF878 /* pause-80.png */,
				DCD09E751866145500BAF511 /* phone_book.png */,
				DC454C401866EEDB0084D7B3 /* play-30.png */,
				DC454C4D1866F7E50084D7B3 /* play-30-disabled.png */,
				DC8A5144186ECF1B000DF878 /* play-80.png */,
				DC8A5146186ECF7C000DF878 /* plus-30.png */,
				DC8A5148186ECF94000DF878 /* record-80-stop.png */,
				DC8A5149186ECF94000DF878 /* record-80.png */,
				DC8A514C186ECFE4000DF878 /* reminder-30.png */,
				DC8A514D186ECFE4000DF878 /* reminder-50.png */,
				DC8A514E186ECFE4000DF878 /* send-angel-50.png */,
				DC8A514F186ECFE4000DF878 /* seperating-line.png */,
				DC8A515C186ED081000DF878 /* splash.png */,
				DC8A5150186ECFE4000DF878 /* status-ok.png */,
				DC8A5151186ECFE4000DF878 /* status-panic.png */,
				DC8A5152186ECFE4000DF878 /* status-warning.png */,
				DC454C421866EEE70084D7B3 /* stop-30.png */,
				DC8A5153186ECFE4000DF878 /* stop-80.png */,
				DCF29CE818672038009342BF /* waiting-30.png */,
			);
			path = Images;
			sourceTree = "<group>";
		};
		DCA5E2B918621F6000B28606 /* Utils */ = {
			isa = PBXGroup;
			children = (
				DC482D7C1869631000131796 /* ActionPicker */,
				DC1B64F91862E5D1009513F6 /* HttpService.h */,
				DC1B64FA1862E5D1009513F6 /* HttpService.m */,
				DC52D101186B61DB00CA9C9D /* LocationSingleton.h */,
				DC52D102186B61DB00CA9C9D /* LocationSingleton.m */,
				DC8A511F186ECCB8000DF878 /* OGActionChooser.h */,
				DC8A5120186ECCB8000DF878 /* OGActionChooser.m */,
				DCA5E2BB18622F0200B28606 /* NSDataAdditions.h */,
				DCA5E2BA18622F0200B28606 /* NSDataAdditions.m */,
				DC52D0FE186B076500CA9C9D /* UIAlertView+WithBlock.h */,
				DC52D0FF186B076500CA9C9D /* UIAlertView+WithBlock.m */,
			);
			path = Utils;
			sourceTree = "<group>";
		};
		DCF343D41860E6B700C87879 = {
			isa = PBXGroup;
			children = (
				DCF343E81860E6B700C87879 /* ViGuard */,
				DCF343DF1860E6B700C87879 /* Frameworks */,
				DCF343DE1860E6B700C87879 /* Products */,
			);
			sourceTree = "<group>";
		};
		DCF343DE1860E6B700C87879 /* Products */ = {
			isa = PBXGroup;
			children = (
				DCF343DD1860E6B700C87879 /* ViGuard.app */,
			);
			name = Products;
			sourceTree = "<group>";
		};
		DCF343DF1860E6B700C87879 /* Frameworks */ = {
			isa = PBXGroup;
			children = (
				DCF29CEC1867445A009342BF /* AVFoundation.framework */,
				DCA5E2B41861CABA00B28606 /* MapKit.framework */,
				DCF343E01860E6B700C87879 /* Foundation.framework */,
				DCF343E21860E6B700C87879 /* CoreGraphics.framework */,
				DCF343E41860E6B700C87879 /* UIKit.framework */,
				DCF343E61860E6B700C87879 /* CoreData.framework */,
				DCF343FE1860E6B800C87879 /* XCTest.framework */,
			);
			name = Frameworks;
			sourceTree = "<group>";
		};
		DCF343E81860E6B700C87879 /* ViGuard */ = {
			isa = PBXGroup;
			children = (
				DCA5E2B918621F6000B28606 /* Utils */,
				DCA5E2AE1861B6AA00B28606 /* Images */,
				DCA5E2A11861A1DF00B28606 /* Data */,
				DCA5E29E18619A6400B28606 /* Media.xcassets */,
				DCF343E91860E6B700C87879 /* Supporting Files */,
				DCA5E2971861005200B28606 /* Views */,
				DCF343F11860E6B700C87879 /* AppDelegate.h */,
				DCF343F21860E6B700C87879 /* AppDelegate.m */,
			);
			path = ViGuard;
			sourceTree = "<group>";
		};
		DCF343E91860E6B700C87879 /* Supporting Files */ = {
			isa = PBXGroup;
			children = (
				DCF343EA1860E6B700C87879 /* ViGuard-Info.plist */,
				DCF343EB1860E6B700C87879 /* InfoPlist.strings */,
				DCF343EE1860E6B700C87879 /* main.m */,
				DCF343F01860E6B700C87879 /* ViGuard-Prefix.pch */,
			);
			name = "Supporting Files";
			sourceTree = "<group>";
		};
/* End PBXGroup section */

/* Begin PBXNativeTarget section */
		DCF343DC1860E6B700C87879 /* ViGuard */ = {
			isa = PBXNativeTarget;
			buildConfigurationList = DCF3440F1860E6B800C87879 /* Build configuration list for PBXNativeTarget "ViGuard" */;
			buildPhases = (
				DCF343D91860E6B700C87879 /* Sources */,
				DCF343DA1860E6B700C87879 /* Frameworks */,
				DCF343DB1860E6B700C87879 /* Resources */,
			);
			buildRules = (
			);
			dependencies = (
			);
			name = ViGuard;
			productName = ViGuard;
			productReference = DCF343DD1860E6B700C87879 /* ViGuard.app */;
			productType = "com.apple.product-type.application";
		};
/* End PBXNativeTarget section */

/* Begin PBXProject section */
		DCF343D51860E6B700C87879 /* Project object */ = {
			isa = PBXProject;
			attributes = {
				LastUpgradeCheck = 0500;
				ORGANIZATIONNAME = Vitalitix;
				TargetAttributes = {
					DCF343DC1860E6B700C87879 = {
						SystemCapabilities = {
							com.apple.BackgroundModes = {
								enabled = 1;
							};
							com.apple.iOS = {
								enabled = 1;
							};
						};
					};
				};
			};
			buildConfigurationList = DCF343D81860E6B700C87879 /* Build configuration list for PBXProject "ViGuard" */;
			compatibilityVersion = "Xcode 3.2";
			developmentRegion = English;
			hasScannedForEncodings = 0;
			knownRegions = (
				en,
			);
			mainGroup = DCF343D41860E6B700C87879;
			productRefGroup = DCF343DE1860E6B700C87879 /* Products */;
			projectDirPath = "";
			projectRoot = "";
			targets = (
				DCF343DC1860E6B700C87879 /* ViGuard */,
			);
		};
/* End PBXProject section */

/* Begin PBXResourcesBuildPhase section */
		DCF343DB1860E6B700C87879 /* Resources */ = {
			isa = PBXResourcesBuildPhase;
			buildActionMask = 2147483647;
			files = (
				DC8A513D186ECE78000DF878 /* edit-30.png in Resources */,
				DCA5E2AD1861B6A300B28606 /* logo-80.png in Resources */,
				DCF344221860FAAE00C87879 /* MainStoryboard.storyboard in Resources */,
				DC8A5143186ECEF1000DF878 /* pause-80.png in Resources */,
				DCF29CEB18672A86009342BF /* pause-30.png in Resources */,
				DC8A5140186ECE78000DF878 /* listen-80.png in Resources */,
				DC454C431866EEE70084D7B3 /* stop-30.png in Resources */,
				DC8A5139186ECE78000DF878 /* call-80.png in Resources */,
				DC33F4131871B8B200F1E359 /* logo-190.png in Resources */,
				DC454C411866EEDB0084D7B3 /* play-30.png in Resources */,
				DC8A513F186ECE78000DF878 /* listen-30.png in Resources */,
				DC8A515A186ECFE4000DF878 /* status-warning.png in Resources */,
				DC96A63A1871BECF00372031 /* home-30.png in Resources */,
				DC8A5132186ECE78000DF878 /* angel-20.png in Resources */,
				DC8A5137186ECE78000DF878 /* back-30.png in Resources */,
				DC8A5135186ECE78000DF878 /* angel-80.png in Resources */,
				DC8A514A186ECF94000DF878 /* record-80-stop.png in Resources */,
				DCD09E761866145500BAF511 /* phone_book.png in Resources */,
				DC33F4151871BBB700F1E359 /* home-50.png in Resources */,
				DC8A5155186ECFE4000DF878 /* reminder-50.png in Resources */,
				DC8A513E186ECE78000DF878 /* event-log-50.png in Resources */,
				DCA5E29F18619A6400B28606 /* Media.xcassets in Resources */,
				DC8A5147186ECF7C000DF878 /* plus-30.png in Resources */,
				DC8A515B186ECFE4000DF878 /* stop-80.png in Resources */,
				DC8A5136186ECE78000DF878 /* ask-for-help.png in Resources */,
				DC8A515D186ED081000DF878 /* splash.png in Resources */,
				DCF343ED1860E6B700C87879 /* InfoPlist.strings in Resources */,
				DC8A513C186ECE78000DF878 /* close-event.png in Resources */,
				DC8A5133186ECE78000DF878 /* angel-30.png in Resources */,
				DC8A5159186ECFE4000DF878 /* status-panic.png in Resources */,
				DC8A514B186ECF94000DF878 /* record-80.png in Resources */,
				DC8A513A186ECE78000DF878 /* call-angel-50.png in Resources */,
				DC8A5157186ECFE4000DF878 /* seperating-line.png in Resources */,
				DCF29CE718671BC3009342BF /* panic-30.png in Resources */,
				DC8A5154186ECFE4000DF878 /* reminder-30.png in Resources */,
				DC8A5158186ECFE4000DF878 /* status-ok.png in Resources */,
				DC8A5134186ECE78000DF878 /* angel-50.png in Resources */,
				DCF29CE918672038009342BF /* waiting-30.png in Resources */,
				DC8A513B186ECE78000DF878 /* call-ems.png in Resources */,
				DC8A5156186ECFE4000DF878 /* send-angel-50.png in Resources */,
				DC8A5145186ECF1B000DF878 /* play-80.png in Resources */,
				DC8A5138186ECE78000DF878 /* call-30.png in Resources */,
				DC8A5141186ECE78000DF878 /* location-50.png in Resources */,
				DC96A63C1871BEDD00372031 /* location-30.png in Resources */,
				DC1B65021863785B009513F6 /* logo-30.png in Resources */,
				DC454C4E1866F7E50084D7B3 /* play-30-disabled.png in Resources */,
			);
			runOnlyForDeploymentPostprocessing = 0;
		};
/* End PBXResourcesBuildPhase section */

/* Begin PBXSourcesBuildPhase section */
		DCF343D91860E6B700C87879 /* Sources */ = {
			isa = PBXSourcesBuildPhase;
			buildActionMask = 2147483647;
			files = (
				DC24A18E1871C4F2000A707B /* HelpAssistVC.m in Sources */,
				DC2906B5186889B5005B090E /* TaskListTVC.m in Sources */,
				DC1B64FE1862FEAD009513F6 /* ActivateCaregiverVC.m in Sources */,
				DC65AC0D1864D9B60001AA97 /* ElderConfigurationVC.m in Sources */,
				DCDA3E2E18625D640009CE00 /* VerifyCodeVC.m in Sources */,
				DCA5E2BC18622F0200B28606 /* NSDataAdditions.m in Sources */,
				DCD09E711866012300BAF511 /* EventLogVC.m in Sources */,
				DC2906BE18689FCB005B090E /* EditTaskVC.m in Sources */,
				DCF29CF418678E6F009342BF /* CaregiverTVC.m in Sources */,
				DC8A5121186ECCB8000DF878 /* OGActionChooser.m in Sources */,
				DCDA3E3118625D8D0009CE00 /* ElderStatusVC.m in Sources */,
				DCF343F31860E6B700C87879 /* AppDelegate.m in Sources */,
				DC52D10C186C3E5900CA9C9D /* PanicHandleVC.m in Sources */,
				DC1B64FB1862E5D1009513F6 /* HttpService.m in Sources */,
				DC482D8B1869643F00131796 /* AbstractActionSheetPicker.m in Sources */,
				DCD09E6B1865FFA700BAF511 /* TaskListVC.m in Sources */,
				DC482D8E1869643F00131796 /* ActionSheetDistancePicker.m in Sources */,
				DC454C4C1866F5D60084D7B3 /* EventLogCell.m in Sources */,
				DC482D8C1869643F00131796 /* ActionSheetCustomPicker.m in Sources */,
				DC1B64F81862D9FB009513F6 /* DataUtils.m in Sources */,
				DCD09E6E1866010D00BAF511 /* AngelsMapVC.m in Sources */,
				DC482D901869643F00131796 /* DistancePickerView.m in Sources */,
				DC52D10F186C759C00CA9C9D /* HelpListVC.m in Sources */,
				DC52D103186B61DB00CA9C9D /* LocationSingleton.m in Sources */,
				DC482D8F1869643F00131796 /* ActionSheetStringPicker.m in Sources */,
				DCCEE46C1871A7EE002A5180 /* AngelRequestVC.m in Sources */,
				DCF3441D1860F69400C87879 /* GuardianRegistrationVC.m in Sources */,
				DC52D100186B076500CA9C9D /* UIAlertView+WithBlock.m in Sources */,
				DCF343EF1860E6B700C87879 /* main.m in Sources */,
				DC52D112186C760400CA9C9D /* HelpListTVC.m in Sources */,
				DCF343F61860E6B700C87879 /* ViGuard.xcdatamodeld in Sources */,
				DC65AC0A186497BC0001AA97 /* ElderMapVC.m in Sources */,
				DC482D8D1869643F00131796 /* ActionSheetDatePicker.m in Sources */,
				DCD09E7418660E4100BAF511 /* ShareContactsVC.m in Sources */,
				DC9D67491863A61F00B5EF6A /* UserData.m in Sources */,
			);
			runOnlyForDeploymentPostprocessing = 0;
		};
/* End PBXSourcesBuildPhase section */

/* Begin PBXVariantGroup section */
		DCF343EB1860E6B700C87879 /* InfoPlist.strings */ = {
			isa = PBXVariantGroup;
			children = (
				DCF343EC1860E6B700C87879 /* en */,
			);
			name = InfoPlist.strings;
			sourceTree = "<group>";
		};
/* End PBXVariantGroup section */

/* Begin XCBuildConfiguration section */
		DCF3440D1860E6B800C87879 /* Debug */ = {
			isa = XCBuildConfiguration;
			buildSettings = {
				ALWAYS_SEARCH_USER_PATHS = NO;
				ARCHS = "$(ARCHS_STANDARD_INCLUDING_64_BIT)";
				CLANG_CXX_LANGUAGE_STANDARD = "gnu++0x";
				CLANG_CXX_LIBRARY = "libc++";
				CLANG_ENABLE_MODULES = YES;
				CLANG_ENABLE_OBJC_ARC = YES;
				CLANG_WARN_BOOL_CONVERSION = YES;
				CLANG_WARN_CONSTANT_CONVERSION = YES;
				CLANG_WARN_DIRECT_OBJC_ISA_USAGE = YES_ERROR;
				CLANG_WARN_EMPTY_BODY = YES;
				CLANG_WARN_ENUM_CONVERSION = YES;
				CLANG_WARN_INT_CONVERSION = YES;
				CLANG_WARN_OBJC_ROOT_CLASS = YES_ERROR;
				CLANG_WARN__DUPLICATE_METHOD_MATCH = YES;
				"CODE_SIGN_IDENTITY[sdk=iphoneos*]" = "iPhone Developer";
				COPY_PHASE_STRIP = NO;
				GCC_C_LANGUAGE_STANDARD = gnu99;
				GCC_DYNAMIC_NO_PIC = NO;
				GCC_OPTIMIZATION_LEVEL = 0;
				GCC_PREPROCESSOR_DEFINITIONS = (
					"DEBUG=1",
					"$(inherited)",
				);
				GCC_SYMBOLS_PRIVATE_EXTERN = NO;
				GCC_WARN_64_TO_32_BIT_CONVERSION = YES;
				GCC_WARN_ABOUT_RETURN_TYPE = YES_ERROR;
				GCC_WARN_UNDECLARED_SELECTOR = YES;
				GCC_WARN_UNINITIALIZED_AUTOS = YES;
				GCC_WARN_UNUSED_FUNCTION = YES;
				GCC_WARN_UNUSED_VARIABLE = YES;
				IPHONEOS_DEPLOYMENT_TARGET = 7.0;
				ONLY_ACTIVE_ARCH = YES;
				SDKROOT = iphoneos;
			};
			name = Debug;
		};
		DCF3440E1860E6B800C87879 /* Release */ = {
			isa = XCBuildConfiguration;
			buildSettings = {
				ALWAYS_SEARCH_USER_PATHS = NO;
				ARCHS = "$(ARCHS_STANDARD_INCLUDING_64_BIT)";
				CLANG_CXX_LANGUAGE_STANDARD = "gnu++0x";
				CLANG_CXX_LIBRARY = "libc++";
				CLANG_ENABLE_MODULES = YES;
				CLANG_ENABLE_OBJC_ARC = YES;
				CLANG_WARN_BOOL_CONVERSION = YES;
				CLANG_WARN_CONSTANT_CONVERSION = YES;
				CLANG_WARN_DIRECT_OBJC_ISA_USAGE = YES_ERROR;
				CLANG_WARN_EMPTY_BODY = YES;
				CLANG_WARN_ENUM_CONVERSION = YES;
				CLANG_WARN_INT_CONVERSION = YES;
				CLANG_WARN_OBJC_ROOT_CLASS = YES_ERROR;
				CLANG_WARN__DUPLICATE_METHOD_MATCH = YES;
				"CODE_SIGN_IDENTITY[sdk=iphoneos*]" = "iPhone Developer";
				COPY_PHASE_STRIP = YES;
				ENABLE_NS_ASSERTIONS = NO;
				GCC_C_LANGUAGE_STANDARD = gnu99;
				GCC_WARN_64_TO_32_BIT_CONVERSION = YES;
				GCC_WARN_ABOUT_RETURN_TYPE = YES_ERROR;
				GCC_WARN_UNDECLARED_SELECTOR = YES;
				GCC_WARN_UNINITIALIZED_AUTOS = YES;
				GCC_WARN_UNUSED_FUNCTION = YES;
				GCC_WARN_UNUSED_VARIABLE = YES;
				IPHONEOS_DEPLOYMENT_TARGET = 7.0;
				SDKROOT = iphoneos;
				VALIDATE_PRODUCT = YES;
			};
			name = Release;
		};
		DCF344101860E6B800C87879 /* Debug */ = {
			isa = XCBuildConfiguration;
			buildSettings = {
				ASSETCATALOG_COMPILER_APPICON_NAME = AppIcon;
				ASSETCATALOG_COMPILER_LAUNCHIMAGE_NAME = LaunchImage;
				CODE_SIGN_IDENTITY = "iPhone Developer";
				"CODE_SIGN_IDENTITY[sdk=iphoneos*]" = "iPhone Developer";
				GCC_PRECOMPILE_PREFIX_HEADER = YES;
				GCC_PREFIX_HEADER = "ViGuard/ViGuard-Prefix.pch";
				INFOPLIST_FILE = "ViGuard/ViGuard-Info.plist";
				IPHONEOS_DEPLOYMENT_TARGET = 7.0;
				PRODUCT_NAME = "$(TARGET_NAME)";
				PROVISIONING_PROFILE = "";
				TARGETED_DEVICE_FAMILY = 1;
				WRAPPER_EXTENSION = app;
			};
			name = Debug;
		};
		DCF344111860E6B800C87879 /* Release */ = {
			isa = XCBuildConfiguration;
			buildSettings = {
				ASSETCATALOG_COMPILER_APPICON_NAME = AppIcon;
				ASSETCATALOG_COMPILER_LAUNCHIMAGE_NAME = LaunchImage;
				CODE_SIGN_IDENTITY = "iPhone Developer";
				"CODE_SIGN_IDENTITY[sdk=iphoneos*]" = "iPhone Developer";
				GCC_PRECOMPILE_PREFIX_HEADER = YES;
				GCC_PREFIX_HEADER = "ViGuard/ViGuard-Prefix.pch";
				INFOPLIST_FILE = "ViGuard/ViGuard-Info.plist";
				IPHONEOS_DEPLOYMENT_TARGET = 7.0;
				PRODUCT_NAME = "$(TARGET_NAME)";
				PROVISIONING_PROFILE = "";
				TARGETED_DEVICE_FAMILY = 1;
				WRAPPER_EXTENSION = app;
			};
			name = Release;
		};
/* End XCBuildConfiguration section */

/* Begin XCConfigurationList section */
		DCF343D81860E6B700C87879 /* Build configuration list for PBXProject "ViGuard" */ = {
			isa = XCConfigurationList;
			buildConfigurations = (
				DCF3440D1860E6B800C87879 /* Debug */,
				DCF3440E1860E6B800C87879 /* Release */,
			);
			defaultConfigurationIsVisible = 0;
			defaultConfigurationName = Release;
		};
		DCF3440F1860E6B800C87879 /* Build configuration list for PBXNativeTarget "ViGuard" */ = {
			isa = XCConfigurationList;
			buildConfigurations = (
				DCF344101860E6B800C87879 /* Debug */,
				DCF344111860E6B800C87879 /* Release */,
			);
			defaultConfigurationIsVisible = 0;
			defaultConfigurationName = Release;
		};
/* End XCConfigurationList section */

/* Begin XCVersionGroup section */
		DCF343F41860E6B700C87879 /* ViGuard.xcdatamodeld */ = {
			isa = XCVersionGroup;
			children = (
				DCF343F51860E6B700C87879 /* ViGuard.xcdatamodel */,
			);
			currentVersion = DCF343F51860E6B700C87879 /* ViGuard.xcdatamodel */;
			path = ViGuard.xcdatamodeld;
			sourceTree = "<group>";
			versionGroupType = wrapper.xcdatamodel;
		};
/* End XCVersionGroup section */
	};
	rootObject = DCF343D51860E6B700C87879 /* Project object */;
}
